{
  "name": "browser-sync-ui",
  "version": "0.4.4",
  "dependencies": {
    "angular": {
      "version": "1.3.11",
      "from": "https://registry.npmjs.org/angular/-/angular-1.3.11.tgz",
      "resolved": "https://registry.npmjs.org/angular/-/angular-1.3.11.tgz"
    },
    "angular-route": {
      "version": "1.3.11",
      "from": "https://registry.npmjs.org/angular-route/-/angular-route-1.3.11.tgz",
      "resolved": "https://registry.npmjs.org/angular-route/-/angular-route-1.3.11.tgz"
    },
    "angular-sanitize": {
      "version": "1.3.11",
      "from": "https://registry.npmjs.org/angular-sanitize/-/angular-sanitize-1.3.11.tgz",
      "resolved": "https://registry.npmjs.org/angular-sanitize/-/angular-sanitize-1.3.11.tgz"
    },
    "angular-touch": {
      "version": "1.3.11",
      "from": "https://registry.npmjs.org/angular-touch/-/angular-touch-1.3.11.tgz",
      "resolved": "https://registry.npmjs.org/angular-touch/-/angular-touch-1.3.11.tgz"
    },
    "async-each-series": {
      "version": "0.1.1",
      "from": "https://registry.npmjs.org/async-each-series/-/async-each-series-0.1.1.tgz",
      "resolved": "https://registry.npmjs.org/async-each-series/-/async-each-series-0.1.1.tgz"
    },
    "connect-history-api-fallback": {
      "version": "0.0.5",
      "from": "https://registry.npmjs.org/connect-history-api-fallback/-/connect-history-api-fallback-0.0.5.tgz",
      "resolved": "https://registry.npmjs.org/connect-history-api-fallback/-/connect-history-api-fallback-0.0.5.tgz"
    },
    "immutable": {
      "version": "3.6.2",
      "from": "https://registry.npmjs.org/immutable/-/immutable-3.6.2.tgz",
      "resolved": "https://registry.npmjs.org/immutable/-/immutable-3.6.2.tgz"
    },
    "through2": {
      "version": "0.6.3",
      "from": "https://registry.npmjs.org/through2/-/through2-0.6.3.tgz",
      "resolved": "https://registry.npmjs.org/through2/-/through2-0.6.3.tgz",
      "dependencies": {
        "readable-stream": {
          "version": "1.0.33",
          "from": "https://registry.npmjs.org/readable-stream/-/readable-stream-1.0.33.tgz",
          "resolved": "https://registry.npmjs.org/readable-stream/-/readable-stream-1.0.33.tgz",
          "dependencies": {
            "core-util-is": {
              "version": "1.0.1",
              "from": "https://registry.npmjs.org/core-util-is/-/core-util-is-1.0.1.tgz",
              "resolved": "https://registry.npmjs.org/core-util-is/-/core-util-is-1.0.1.tgz"
            },
            "isarray": {
              "version": "0.0.1",
              "from": "https://registry.npmjs.org/isarray/-/isarray-0.0.1.tgz",
              "resolved": "https://registry.npmjs.org/isarray/-/isarray-0.0.1.tgz"
            },
            "string_decoder": {
              "version": "0.10.31",
              "from": "https://registry.npmjs.org/string_decoder/-/string_decoder-0.10.31.tgz",
              "resolved": "https://registry.npmjs.org/string_decoder/-/string_decoder-0.10.31.tgz"
            },
            "inherits": {
              "version": "2.0.1",
              "from": "https://registry.npmjs.org/inherits/-/inherits-2.0.1.tgz",
              "resolved": "https://registry.npmjs.org/inherits/-/inherits-2.0.1.tgz"
            }
          }
        },
        "xtend": {
          "version": "4.0.0",
          "from": "https://registry.npmjs.org/xtend/-/xtend-4.0.0.tgz",
          "resolved": "https://registry.npmjs.org/xtend/-/xtend-4.0.0.tgz"
        }
      }
    },
    "weinre": {
      "version": "2.0.0-pre-I0Z7U9OV",
      "from": "https://registry.npmjs.org/weinre/-/weinre-2.0.0-pre-I0Z7U9OV.tgz",
      "resolved": "https://registry.npmjs.org/weinre/-/weinre-2.0.0-pre-I0Z7U9OV.tgz",
      "dependencies": {
        "express": {
          "version": "2.5.11",
          "from": "https://registry.npmjs.org/express/-/express-2.5.11.tgz",
          "resolved": "https://registry.npmjs.org/express/-/express-2.5.11.tgz",
          "dependencies": {
            "connect": {
              "version": "1.9.2",
              "from": "https://registry.npmjs.org/connect/-/connect-1.9.2.tgz",
              "resolved": "https://registry.npmjs.org/connect/-/connect-1.9.2.tgz",
              "dependencies": {
                "formidable": {
                  "version": "1.0.16",
                  "from": "https://registry.npmjs.org/formidable/-/formidable-1.0.16.tgz",
                  "resolved": "https://registry.npmjs.org/formidable/-/formidable-1.0.16.tgz"
                }
              }
            },
            "mime": {
              "version": "1.2.4",
              "from": "https://registry.npmjs.org/mime/-/mime-1.2.4.tgz",
              "resolved": "https://registry.npmjs.org/mime/-/mime-1.2.4.tgz"
            },
            "qs": {
              "version": "0.4.2",
              "from": "https://registry.npmjs.org/qs/-/qs-0.4.2.tgz",
              "resolved": "https://registry.npmjs.org/qs/-/qs-0.4.2.tgz"
            },
            "mkdirp": {
              "version": "0.3.0",
              "from": "https://registry.npmjs.org/mkdirp/-/mkdirp-0.3.0.tgz",
              "resolved": "https://registry.npmjs.org/mkdirp/-/mkdirp-0.3.0.tgz"
            }
          }
        },
        "nopt": {
          "version": "3.0.1",
          "from": "https://registry.npmjs.org/nopt/-/nopt-3.0.1.tgz",
          "resolved": "https://registry.npmjs.org/nopt/-/nopt-3.0.1.tgz",
          "dependencies": {
            "abbrev": {
              "version": "1.0.5",
              "from": "https://registry.npmjs.org/abbrev/-/abbrev-1.0.5.tgz",
              "resolved": "https://registry.npmjs.org/abbrev/-/abbrev-1.0.5.tgz"
            }
          }
        },
        "underscore": {
          "version": "1.7.0",
          "from": "https://registry.npmjs.org/underscore/-/underscore-1.7.0.tgz",
          "resolved": "https://registry.npmjs.org/underscore/-/underscore-1.7.0.tgz"
        }
      }
    }
  }
}
